// !$*UTF8*$!
{
	archiveVersion = 1;
	classes = {
	};
	objectVersion = 46;
	objects = {

/* Begin PBXBuildFile section */
		1009B1831F0D8BF00080912A /* HockeySDK.framework in Frameworks */ = {isa = PBXBuildFile; fileRef = 1009B1811F0D8BF00080912A /* HockeySDK.framework */; };
		1009B1841F0D8BF00080912A /* HockeySDKResources.bundle in Resources */ = {isa = PBXBuildFile; fileRef = 1009B1821F0D8BF00080912A /* HockeySDKResources.bundle */; };
		10CA1AE51F0C05F600F73D05 /* AppDelegate.swift in Sources */ = {isa = PBXBuildFile; fileRef = 10CA1AE41F0C05F600F73D05 /* AppDelegate.swift */; };
		10CA1AE71F0C05F600F73D05 /* ViewController.swift in Sources */ = {isa = PBXBuildFile; fileRef = 10CA1AE61F0C05F600F73D05 /* ViewController.swift */; };
		10CA1AEA1F0C05F600F73D05 /* Main.storyboard in Resources */ = {isa = PBXBuildFile; fileRef = 10CA1AE81F0C05F600F73D05 /* Main.storyboard */; };
		10CA1AED1F0C05F600F73D05 /* BLESKELE.xcdatamodeld in Sources */ = {isa = PBXBuildFile; fileRef = 10CA1AEB1F0C05F600F73D05 /* BLESKELE.xcdatamodeld */; };
		10CA1AEF1F0C05F600F73D05 /* Assets.xcassets in Resources */ = {isa = PBXBuildFile; fileRef = 10CA1AEE1F0C05F600F73D05 /* Assets.xcassets */; };
		10CA1AF21F0C05F600F73D05 /* LaunchScreen.storyboard in Resources */ = {isa = PBXBuildFile; fileRef = 10CA1AF01F0C05F600F73D05 /* LaunchScreen.storyboard */; };
		10CA1AFD1F0C05F600F73D05 /* BLESKELETests.swift in Sources */ = {isa = PBXBuildFile; fileRef = 10CA1AFC1F0C05F600F73D05 /* BLESKELETests.swift */; };
		10CA1B081F0C05F600F73D05 /* BLESKELEUITests.swift in Sources */ = {isa = PBXBuildFile; fileRef = 10CA1B071F0C05F600F73D05 /* BLESKELEUITests.swift */; };
		10CA1B161F0C06E100F73D05 /* BluetoothViewController.swift in Sources */ = {isa = PBXBuildFile; fileRef = 10CA1B151F0C06E100F73D05 /* BluetoothViewController.swift */; };
		10CA1B1A1F0C21B900F73D05 /* BLESkeleton.swift in Sources */ = {isa = PBXBuildFile; fileRef = 10CA1B191F0C21B900F73D05 /* BLESkeleton.swift */; };
		4941C347062471F9F4C2C9A4 /* Pods_BLESKELETests.framework in Frameworks */ = {isa = PBXBuildFile; fileRef = BFCAA2FE9438199BD0E31BAC /* Pods_BLESKELETests.framework */; };
		E7B3A1CED1D8B9655E59F732 /* Pods_BLESKELEUITests.framework in Frameworks */ = {isa = PBXBuildFile; fileRef = 1D098C3CDA106CF1B2E29B19 /* Pods_BLESKELEUITests.framework */; };
		EB6DCA5B0C309CF4997DFC3A /* Pods_BLESKELE.framework in Frameworks */ = {isa = PBXBuildFile; fileRef = D3984E8D2D6983068B5CEB84 /* Pods_BLESKELE.framework */; };
/* End PBXBuildFile section */

/* Begin PBXContainerItemProxy section */
		10CA1AF91F0C05F600F73D05 /* PBXContainerItemProxy */ = {
			isa = PBXContainerItemProxy;
			containerPortal = 10CA1AD91F0C05F600F73D05 /* Project object */;
			proxyType = 1;
			remoteGlobalIDString = 10CA1AE01F0C05F600F73D05;
			remoteInfo = BLESKELE;
		};
		10CA1B041F0C05F600F73D05 /* PBXContainerItemProxy */ = {
			isa = PBXContainerItemProxy;
			containerPortal = 10CA1AD91F0C05F600F73D05 /* Project object */;
			proxyType = 1;
			remoteGlobalIDString = 10CA1AE01F0C05F600F73D05;
			remoteInfo = BLESKELE;
		};
/* End PBXContainerItemProxy section */

/* Begin PBXFileReference section */
		08FB85126CA48C6CB46B6EFF /* Pods-BLESKELE.release.xcconfig */ = {isa = PBXFileReference; includeInIndex = 1; lastKnownFileType = text.xcconfig; name = "Pods-BLESKELE.release.xcconfig"; path = "Pods/Target Support Files/Pods-BLESKELE/Pods-BLESKELE.release.xcconfig"; sourceTree = "<group>"; };
		1009B1811F0D8BF00080912A /* HockeySDK.framework */ = {isa = PBXFileReference; lastKnownFileType = wrapper.framework; path = HockeySDK.framework; sourceTree = "<group>"; };
		1009B1821F0D8BF00080912A /* HockeySDKResources.bundle */ = {isa = PBXFileReference; lastKnownFileType = "wrapper.plug-in"; path = HockeySDKResources.bundle; sourceTree = "<group>"; };
		109F98CD1F0EAAFF005E0158 /* default.sh */ = {isa = PBXFileReference; lastKnownFileType = text.script.sh; path = default.sh; sourceTree = "<group>"; };
		109F98CE1F0EB42B005E0158 /* firstScript.sh */ = {isa = PBXFileReference; lastKnownFileType = text.script.sh; path = firstScript.sh; sourceTree = "<group>"; };
		10CA1AE11F0C05F600F73D05 /* BLESKELE.app */ = {isa = PBXFileReference; explicitFileType = wrapper.application; includeInIndex = 0; path = BLESKELE.app; sourceTree = BUILT_PRODUCTS_DIR; };
		10CA1AE41F0C05F600F73D05 /* AppDelegate.swift */ = {isa = PBXFileReference; lastKnownFileType = sourcecode.swift; path = AppDelegate.swift; sourceTree = "<group>"; };
		10CA1AE61F0C05F600F73D05 /* ViewController.swift */ = {isa = PBXFileReference; lastKnownFileType = sourcecode.swift; path = ViewController.swift; sourceTree = "<group>"; };
		10CA1AE91F0C05F600F73D05 /* Base */ = {isa = PBXFileReference; lastKnownFileType = file.storyboard; name = Base; path = Base.lproj/Main.storyboard; sourceTree = "<group>"; };
		10CA1AEC1F0C05F600F73D05 /* BLESKELE.xcdatamodel */ = {isa = PBXFileReference; lastKnownFileType = wrapper.xcdatamodel; path = BLESKELE.xcdatamodel; sourceTree = "<group>"; };
		10CA1AEE1F0C05F600F73D05 /* Assets.xcassets */ = {isa = PBXFileReference; lastKnownFileType = folder.assetcatalog; path = Assets.xcassets; sourceTree = "<group>"; };
		10CA1AF11F0C05F600F73D05 /* Base */ = {isa = PBXFileReference; lastKnownFileType = file.storyboard; name = Base; path = Base.lproj/LaunchScreen.storyboard; sourceTree = "<group>"; };
		10CA1AF31F0C05F600F73D05 /* Info.plist */ = {isa = PBXFileReference; lastKnownFileType = text.plist.xml; path = Info.plist; sourceTree = "<group>"; };
		10CA1AF81F0C05F600F73D05 /* BLESKELETests.xctest */ = {isa = PBXFileReference; explicitFileType = wrapper.cfbundle; includeInIndex = 0; path = BLESKELETests.xctest; sourceTree = BUILT_PRODUCTS_DIR; };
		10CA1AFC1F0C05F600F73D05 /* BLESKELETests.swift */ = {isa = PBXFileReference; lastKnownFileType = sourcecode.swift; path = BLESKELETests.swift; sourceTree = "<group>"; };
		10CA1AFE1F0C05F600F73D05 /* Info.plist */ = {isa = PBXFileReference; lastKnownFileType = text.plist.xml; path = Info.plist; sourceTree = "<group>"; };
		10CA1B031F0C05F600F73D05 /* BLESKELEUITests.xctest */ = {isa = PBXFileReference; explicitFileType = wrapper.cfbundle; includeInIndex = 0; path = BLESKELEUITests.xctest; sourceTree = BUILT_PRODUCTS_DIR; };
		10CA1B071F0C05F600F73D05 /* BLESKELEUITests.swift */ = {isa = PBXFileReference; lastKnownFileType = sourcecode.swift; path = BLESKELEUITests.swift; sourceTree = "<group>"; };
		10CA1B091F0C05F600F73D05 /* Info.plist */ = {isa = PBXFileReference; lastKnownFileType = text.plist.xml; path = Info.plist; sourceTree = "<group>"; };
		10CA1B151F0C06E100F73D05 /* BluetoothViewController.swift */ = {isa = PBXFileReference; fileEncoding = 4; lastKnownFileType = sourcecode.swift; path = BluetoothViewController.swift; sourceTree = "<group>"; };
		10CA1B191F0C21B900F73D05 /* BLESkeleton.swift */ = {isa = PBXFileReference; fileEncoding = 4; lastKnownFileType = sourcecode.swift; path = BLESkeleton.swift; sourceTree = "<group>"; };
		1D098C3CDA106CF1B2E29B19 /* Pods_BLESKELEUITests.framework */ = {isa = PBXFileReference; explicitFileType = wrapper.framework; includeInIndex = 0; path = Pods_BLESKELEUITests.framework; sourceTree = BUILT_PRODUCTS_DIR; };
		62AB19C7821FFFE6D83AD681 /* Pods-BLESKELETests.debug.xcconfig */ = {isa = PBXFileReference; includeInIndex = 1; lastKnownFileType = text.xcconfig; name = "Pods-BLESKELETests.debug.xcconfig"; path = "Pods/Target Support Files/Pods-BLESKELETests/Pods-BLESKELETests.debug.xcconfig"; sourceTree = "<group>"; };
		7AA011B086E53605374B00C7 /* Pods-BLESKELETests.release.xcconfig */ = {isa = PBXFileReference; includeInIndex = 1; lastKnownFileType = text.xcconfig; name = "Pods-BLESKELETests.release.xcconfig"; path = "Pods/Target Support Files/Pods-BLESKELETests/Pods-BLESKELETests.release.xcconfig"; sourceTree = "<group>"; };
		8AEA49E470EAE023549914AE /* Pods-BLESKELEUITests.release.xcconfig */ = {isa = PBXFileReference; includeInIndex = 1; lastKnownFileType = text.xcconfig; name = "Pods-BLESKELEUITests.release.xcconfig"; path = "Pods/Target Support Files/Pods-BLESKELEUITests/Pods-BLESKELEUITests.release.xcconfig"; sourceTree = "<group>"; };
		A82873A3639FA5A3F5AC26A3 /* Pods-BLESKELEUITests.debug.xcconfig */ = {isa = PBXFileReference; includeInIndex = 1; lastKnownFileType = text.xcconfig; name = "Pods-BLESKELEUITests.debug.xcconfig"; path = "Pods/Target Support Files/Pods-BLESKELEUITests/Pods-BLESKELEUITests.debug.xcconfig"; sourceTree = "<group>"; };
		BFCAA2FE9438199BD0E31BAC /* Pods_BLESKELETests.framework */ = {isa = PBXFileReference; explicitFileType = wrapper.framework; includeInIndex = 0; path = Pods_BLESKELETests.framework; sourceTree = BUILT_PRODUCTS_DIR; };
		D3984E8D2D6983068B5CEB84 /* Pods_BLESKELE.framework */ = {isa = PBXFileReference; explicitFileType = wrapper.framework; includeInIndex = 0; path = Pods_BLESKELE.framework; sourceTree = BUILT_PRODUCTS_DIR; };
		DD18AA2785DABD180DE17AB7 /* Pods-BLESKELE.debug.xcconfig */ = {isa = PBXFileReference; includeInIndex = 1; lastKnownFileType = text.xcconfig; name = "Pods-BLESKELE.debug.xcconfig"; path = "Pods/Target Support Files/Pods-BLESKELE/Pods-BLESKELE.debug.xcconfig"; sourceTree = "<group>"; };
/* End PBXFileReference section */

/* Begin PBXFrameworksBuildPhase section */
		10CA1ADE1F0C05F600F73D05 /* Frameworks */ = {
			isa = PBXFrameworksBuildPhase;
			buildActionMask = 2147483647;
			files = (
				1009B1831F0D8BF00080912A /* HockeySDK.framework in Frameworks */,
				EB6DCA5B0C309CF4997DFC3A /* Pods_BLESKELE.framework in Frameworks */,
			);
			runOnlyForDeploymentPostprocessing = 0;
		};
		10CA1AF51F0C05F600F73D05 /* Frameworks */ = {
			isa = PBXFrameworksBuildPhase;
			buildActionMask = 2147483647;
			files = (
				4941C347062471F9F4C2C9A4 /* Pods_BLESKELETests.framework in Frameworks */,
			);
			runOnlyForDeploymentPostprocessing = 0;
		};
		10CA1B001F0C05F600F73D05 /* Frameworks */ = {
			isa = PBXFrameworksBuildPhase;
			buildActionMask = 2147483647;
			files = (
				E7B3A1CED1D8B9655E59F732 /* Pods_BLESKELEUITests.framework in Frameworks */,
			);
			runOnlyForDeploymentPostprocessing = 0;
		};
/* End PBXFrameworksBuildPhase section */

/* Begin PBXGroup section */
		1009B1801F0D8BF00080912A /* HockeySDK.embeddedframework */ = {
			isa = PBXGroup;
			children = (
				1009B1811F0D8BF00080912A /* HockeySDK.framework */,
				1009B1821F0D8BF00080912A /* HockeySDKResources.bundle */,
			);
			name = HockeySDK.embeddedframework;
			path = "HockeySDK-iOS/HockeySDK.embeddedframework";
			sourceTree = "<group>";
		};
		107E6B8F1F0E9D30003829D0 /* Frameworks */ = {
			isa = PBXGroup;
			children = (
				1009B1801F0D8BF00080912A /* HockeySDK.embeddedframework */,
				D3984E8D2D6983068B5CEB84 /* Pods_BLESKELE.framework */,
				BFCAA2FE9438199BD0E31BAC /* Pods_BLESKELETests.framework */,
				1D098C3CDA106CF1B2E29B19 /* Pods_BLESKELEUITests.framework */,
			);
			name = Frameworks;
			sourceTree = "<group>";
		};
		109F98CC1F0EAACC005E0158 /* BuildScript */ = {
			isa = PBXGroup;
			children = (
				109F98CD1F0EAAFF005E0158 /* default.sh */,
				109F98CE1F0EB42B005E0158 /* firstScript.sh */,
			);
			path = BuildScript;
			sourceTree = "<group>";
		};
		10CA1AD81F0C05F600F73D05 = {
			isa = PBXGroup;
			children = (
				109F98CC1F0EAACC005E0158 /* BuildScript */,
				107E6B8F1F0E9D30003829D0 /* Frameworks */,
				10CA1AE31F0C05F600F73D05 /* BLESKELE */,
				10CA1AFB1F0C05F600F73D05 /* BLESKELETests */,
				10CA1B061F0C05F600F73D05 /* BLESKELEUITests */,
				10CA1AE21F0C05F600F73D05 /* Products */,
				78BCB902545007048D9DA852 /* Pods */,
			);
			sourceTree = "<group>";
		};
		10CA1AE21F0C05F600F73D05 /* Products */ = {
			isa = PBXGroup;
			children = (
				10CA1AE11F0C05F600F73D05 /* BLESKELE.app */,
				10CA1AF81F0C05F600F73D05 /* BLESKELETests.xctest */,
				10CA1B031F0C05F600F73D05 /* BLESKELEUITests.xctest */,
			);
			name = Products;
			sourceTree = "<group>";
		};
		10CA1AE31F0C05F600F73D05 /* BLESKELE */ = {
			isa = PBXGroup;
			children = (
				10CA1B191F0C21B900F73D05 /* BLESkeleton.swift */,
				10CA1AE41F0C05F600F73D05 /* AppDelegate.swift */,
				10CA1AE61F0C05F600F73D05 /* ViewController.swift */,
				10CA1AE81F0C05F600F73D05 /* Main.storyboard */,
				10CA1AEE1F0C05F600F73D05 /* Assets.xcassets */,
				10CA1AF01F0C05F600F73D05 /* LaunchScreen.storyboard */,
				10CA1AF31F0C05F600F73D05 /* Info.plist */,
				10CA1AEB1F0C05F600F73D05 /* BLESKELE.xcdatamodeld */,
				10CA1B151F0C06E100F73D05 /* BluetoothViewController.swift */,
			);
			path = BLESKELE;
			sourceTree = "<group>";
		};
		10CA1AFB1F0C05F600F73D05 /* BLESKELETests */ = {
			isa = PBXGroup;
			children = (
				10CA1AFC1F0C05F600F73D05 /* BLESKELETests.swift */,
				10CA1AFE1F0C05F600F73D05 /* Info.plist */,
			);
			path = BLESKELETests;
			sourceTree = "<group>";
		};
		10CA1B061F0C05F600F73D05 /* BLESKELEUITests */ = {
			isa = PBXGroup;
			children = (
				10CA1B071F0C05F600F73D05 /* BLESKELEUITests.swift */,
				10CA1B091F0C05F600F73D05 /* Info.plist */,
			);
			path = BLESKELEUITests;
			sourceTree = "<group>";
		};
		78BCB902545007048D9DA852 /* Pods */ = {
			isa = PBXGroup;
			children = (
				DD18AA2785DABD180DE17AB7 /* Pods-BLESKELE.debug.xcconfig */,
				08FB85126CA48C6CB46B6EFF /* Pods-BLESKELE.release.xcconfig */,
				62AB19C7821FFFE6D83AD681 /* Pods-BLESKELETests.debug.xcconfig */,
				7AA011B086E53605374B00C7 /* Pods-BLESKELETests.release.xcconfig */,
				A82873A3639FA5A3F5AC26A3 /* Pods-BLESKELEUITests.debug.xcconfig */,
				8AEA49E470EAE023549914AE /* Pods-BLESKELEUITests.release.xcconfig */,
			);
			name = Pods;
			sourceTree = "<group>";
		};
/* End PBXGroup section */

/* Begin PBXNativeTarget section */
		10CA1AE01F0C05F600F73D05 /* BLESKELE */ = {
			isa = PBXNativeTarget;
			buildConfigurationList = 10CA1B0C1F0C05F600F73D05 /* Build configuration list for PBXNativeTarget "BLESKELE" */;
			buildPhases = (
				E3EF155C11A3485A737BA3ED /* [CP] Check Pods Manifest.lock */,
				10CA1ADD1F0C05F600F73D05 /* Sources */,
				10CA1ADE1F0C05F600F73D05 /* Frameworks */,
				10CA1ADF1F0C05F600F73D05 /* Resources */,
				1009B1721F0D8A7D0080912A /* ShellScript */,
				F3E97E02D124CB62BF799A43 /* [CP] Embed Pods Frameworks */,
				B73A27F6838C247AE539711E /* [CP] Copy Pods Resources */,
			);
			buildRules = (
			);
			dependencies = (
			);
			name = BLESKELE;
			productName = BLESKELE;
			productReference = 10CA1AE11F0C05F600F73D05 /* BLESKELE.app */;
			productType = "com.apple.product-type.application";
		};
		10CA1AF71F0C05F600F73D05 /* BLESKELETests */ = {
			isa = PBXNativeTarget;
			buildConfigurationList = 10CA1B0F1F0C05F600F73D05 /* Build configuration list for PBXNativeTarget "BLESKELETests" */;
			buildPhases = (
				A1E41EB4EF69D3A9833FF4A8 /* [CP] Check Pods Manifest.lock */,
				10CA1AF41F0C05F600F73D05 /* Sources */,
				10CA1AF51F0C05F600F73D05 /* Frameworks */,
				10CA1AF61F0C05F600F73D05 /* Resources */,
				6A800C750C5E23950AB3A48A /* [CP] Embed Pods Frameworks */,
				D92F97FB8CC881E6270F4136 /* [CP] Copy Pods Resources */,
			);
			buildRules = (
			);
			dependencies = (
				10CA1AFA1F0C05F600F73D05 /* PBXTargetDependency */,
			);
			name = BLESKELETests;
			productName = BLESKELETests;
			productReference = 10CA1AF81F0C05F600F73D05 /* BLESKELETests.xctest */;
			productType = "com.apple.product-type.bundle.unit-test";
		};
		10CA1B021F0C05F600F73D05 /* BLESKELEUITests */ = {
			isa = PBXNativeTarget;
			buildConfigurationList = 10CA1B121F0C05F600F73D05 /* Build configuration list for PBXNativeTarget "BLESKELEUITests" */;
			buildPhases = (
				D7EB67DB9401D2247605754C /* [CP] Check Pods Manifest.lock */,
				10CA1AFF1F0C05F600F73D05 /* Sources */,
				10CA1B001F0C05F600F73D05 /* Frameworks */,
				10CA1B011F0C05F600F73D05 /* Resources */,
				445CF74339C6F47C7B1B366D /* [CP] Embed Pods Frameworks */,
				95EEF8BEC601EB8510E2761E /* [CP] Copy Pods Resources */,
			);
			buildRules = (
			);
			dependencies = (
				10CA1B051F0C05F600F73D05 /* PBXTargetDependency */,
			);
			name = BLESKELEUITests;
			productName = BLESKELEUITests;
			productReference = 10CA1B031F0C05F600F73D05 /* BLESKELEUITests.xctest */;
			productType = "com.apple.product-type.bundle.ui-testing";
		};
/* End PBXNativeTarget section */

/* Begin PBXProject section */
		10CA1AD91F0C05F600F73D05 /* Project object */ = {
			isa = PBXProject;
			attributes = {
				LastSwiftUpdateCheck = 0830;
				LastUpgradeCheck = 0830;
				ORGANIZATIONNAME = 4iiii;
				TargetAttributes = {
					10CA1AE01F0C05F600F73D05 = {
						CreatedOnToolsVersion = 8.3.2;
						DevelopmentTeam = EUL7UYLX84;
						ProvisioningStyle = Manual;
					};
					10CA1AF71F0C05F600F73D05 = {
						CreatedOnToolsVersion = 8.3.2;
						DevelopmentTeam = ZBNHE8X5F9;
						ProvisioningStyle = Automatic;
						TestTargetID = 10CA1AE01F0C05F600F73D05;
					};
					10CA1B021F0C05F600F73D05 = {
						CreatedOnToolsVersion = 8.3.2;
						DevelopmentTeam = ZBNHE8X5F9;
						ProvisioningStyle = Automatic;
						TestTargetID = 10CA1AE01F0C05F600F73D05;
					};
				};
			};
			buildConfigurationList = 10CA1ADC1F0C05F600F73D05 /* Build configuration list for PBXProject "BLESKELE" */;
			compatibilityVersion = "Xcode 3.2";
			developmentRegion = English;
			hasScannedForEncodings = 0;
			knownRegions = (
				en,
				Base,
			);
			mainGroup = 10CA1AD81F0C05F600F73D05;
			productRefGroup = 10CA1AE21F0C05F600F73D05 /* Products */;
			projectDirPath = "";
			projectRoot = "";
			targets = (
				10CA1AE01F0C05F600F73D05 /* BLESKELE */,
				10CA1AF71F0C05F600F73D05 /* BLESKELETests */,
				10CA1B021F0C05F600F73D05 /* BLESKELEUITests */,
			);
		};
/* End PBXProject section */

/* Begin PBXResourcesBuildPhase section */
		10CA1ADF1F0C05F600F73D05 /* Resources */ = {
			isa = PBXResourcesBuildPhase;
			buildActionMask = 2147483647;
			files = (
				10CA1AF21F0C05F600F73D05 /* LaunchScreen.storyboard in Resources */,
				1009B1841F0D8BF00080912A /* HockeySDKResources.bundle in Resources */,
				10CA1AEF1F0C05F600F73D05 /* Assets.xcassets in Resources */,
				10CA1AEA1F0C05F600F73D05 /* Main.storyboard in Resources */,
			);
			runOnlyForDeploymentPostprocessing = 0;
		};
		10CA1AF61F0C05F600F73D05 /* Resources */ = {
			isa = PBXResourcesBuildPhase;
			buildActionMask = 2147483647;
			files = (
			);
			runOnlyForDeploymentPostprocessing = 0;
		};
		10CA1B011F0C05F600F73D05 /* Resources */ = {
			isa = PBXResourcesBuildPhase;
			buildActionMask = 2147483647;
			files = (
			);
			runOnlyForDeploymentPostprocessing = 0;
		};
/* End PBXResourcesBuildPhase section */

/* Begin PBXShellScriptBuildPhase section */
		1009B1721F0D8A7D0080912A /* ShellScript */ = {
			isa = PBXShellScriptBuildPhase;
			buildActionMask = 2147483647;
			files = (
			);
			inputPaths = (
			);
			outputPaths = (
			);
			runOnlyForDeploymentPostprocessing = 0;
			shellPath = /bin/sh;
			shellScript = "chmod u+x ${PROJECT_DIR}/BuildScript/default.sh\n\"${PROJECT_DIR}/BuildScript/default.sh\"";
		};
		445CF74339C6F47C7B1B366D /* [CP] Embed Pods Frameworks */ = {
			isa = PBXShellScriptBuildPhase;
			buildActionMask = 2147483647;
			files = (
			);
			inputPaths = (
			);
			name = "[CP] Embed Pods Frameworks";
			outputPaths = (
			);
			runOnlyForDeploymentPostprocessing = 0;
			shellPath = /bin/sh;
			shellScript = "\"${SRCROOT}/Pods/Target Support Files/Pods-BLESKELEUITests/Pods-BLESKELEUITests-frameworks.sh\"\n";
			showEnvVarsInLog = 0;
		};
		6A800C750C5E23950AB3A48A /* [CP] Embed Pods Frameworks */ = {
			isa = PBXShellScriptBuildPhase;
			buildActionMask = 2147483647;
			files = (
			);
			inputPaths = (
			);
			name = "[CP] Embed Pods Frameworks";
			outputPaths = (
			);
			runOnlyForDeploymentPostprocessing = 0;
			shellPath = /bin/sh;
			shellScript = "\"${SRCROOT}/Pods/Target Support Files/Pods-BLESKELETests/Pods-BLESKELETests-frameworks.sh\"\n";
			showEnvVarsInLog = 0;
		};
		95EEF8BEC601EB8510E2761E /* [CP] Copy Pods Resources */ = {
			isa = PBXShellScriptBuildPhase;
			buildActionMask = 2147483647;
			files = (
			);
			inputPaths = (
			);
			name = "[CP] Copy Pods Resources";
			outputPaths = (
			);
			runOnlyForDeploymentPostprocessing = 0;
			shellPath = /bin/sh;
			shellScript = "\"${SRCROOT}/Pods/Target Support Files/Pods-BLESKELEUITests/Pods-BLESKELEUITests-resources.sh\"\n";
			showEnvVarsInLog = 0;
		};
		A1E41EB4EF69D3A9833FF4A8 /* [CP] Check Pods Manifest.lock */ = {
			isa = PBXShellScriptBuildPhase;
			buildActionMask = 2147483647;
			files = (
			);
			inputPaths = (
			);
			name = "[CP] Check Pods Manifest.lock";
			outputPaths = (
			);
			runOnlyForDeploymentPostprocessing = 0;
			shellPath = /bin/sh;
			shellScript = "diff \"${PODS_PODFILE_DIR_PATH}/Podfile.lock\" \"${PODS_ROOT}/Manifest.lock\" > /dev/null\nif [ $? != 0 ] ; then\n    # print error to STDERR\n    echo \"error: The sandbox is not in sync with the Podfile.lock. Run 'pod install' or update your CocoaPods installation.\" >&2\n    exit 1\nfi\n";
			showEnvVarsInLog = 0;
		};
		B73A27F6838C247AE539711E /* [CP] Copy Pods Resources */ = {
			isa = PBXShellScriptBuildPhase;
			buildActionMask = 2147483647;
			files = (
			);
			inputPaths = (
			);
			name = "[CP] Copy Pods Resources";
			outputPaths = (
			);
			runOnlyForDeploymentPostprocessing = 0;
			shellPath = /bin/sh;
			shellScript = "\"${SRCROOT}/Pods/Target Support Files/Pods-BLESKELE/Pods-BLESKELE-resources.sh\"\n";
			showEnvVarsInLog = 0;
		};
		D7EB67DB9401D2247605754C /* [CP] Check Pods Manifest.lock */ = {
			isa = PBXShellScriptBuildPhase;
			buildActionMask = 2147483647;
			files = (
			);
			inputPaths = (
			);
			name = "[CP] Check Pods Manifest.lock";
			outputPaths = (
			);
			runOnlyForDeploymentPostprocessing = 0;
			shellPath = /bin/sh;
			shellScript = "diff \"${PODS_PODFILE_DIR_PATH}/Podfile.lock\" \"${PODS_ROOT}/Manifest.lock\" > /dev/null\nif [ $? != 0 ] ; then\n    # print error to STDERR\n    echo \"error: The sandbox is not in sync with the Podfile.lock. Run 'pod install' or update your CocoaPods installation.\" >&2\n    exit 1\nfi\n";
			showEnvVarsInLog = 0;
		};
		D92F97FB8CC881E6270F4136 /* [CP] Copy Pods Resources */ = {
			isa = PBXShellScriptBuildPhase;
			buildActionMask = 2147483647;
			files = (
			);
			inputPaths = (
			);
			name = "[CP] Copy Pods Resources";
			outputPaths = (
			);
			runOnlyForDeploymentPostprocessing = 0;
			shellPath = /bin/sh;
			shellScript = "\"${SRCROOT}/Pods/Target Support Files/Pods-BLESKELETests/Pods-BLESKELETests-resources.sh\"\n";
			showEnvVarsInLog = 0;
		};
		E3EF155C11A3485A737BA3ED /* [CP] Check Pods Manifest.lock */ = {
			isa = PBXShellScriptBuildPhase;
			buildActionMask = 2147483647;
			files = (
			);
			inputPaths = (
			);
			name = "[CP] Check Pods Manifest.lock";
			outputPaths = (
			);
			runOnlyForDeploymentPostprocessing = 0;
			shellPath = /bin/sh;
			shellScript = "diff \"${PODS_PODFILE_DIR_PATH}/Podfile.lock\" \"${PODS_ROOT}/Manifest.lock\" > /dev/null\nif [ $? != 0 ] ; then\n    # print error to STDERR\n    echo \"error: The sandbox is not in sync with the Podfile.lock. Run 'pod install' or update your CocoaPods installation.\" >&2\n    exit 1\nfi\n";
			showEnvVarsInLog = 0;
		};
		F3E97E02D124CB62BF799A43 /* [CP] Embed Pods Frameworks */ = {
			isa = PBXShellScriptBuildPhase;
			buildActionMask = 2147483647;
			files = (
			);
			inputPaths = (
			);
			name = "[CP] Embed Pods Frameworks";
			outputPaths = (
			);
			runOnlyForDeploymentPostprocessing = 0;
			shellPath = /bin/sh;
			shellScript = "\"${SRCROOT}/Pods/Target Support Files/Pods-BLESKELE/Pods-BLESKELE-frameworks.sh\"\n";
			showEnvVarsInLog = 0;
		};
/* End PBXShellScriptBuildPhase section */

/* Begin PBXSourcesBuildPhase section */
		10CA1ADD1F0C05F600F73D05 /* Sources */ = {
			isa = PBXSourcesBuildPhase;
			buildActionMask = 2147483647;
			files = (
				10CA1B1A1F0C21B900F73D05 /* BLESkeleton.swift in Sources */,
				10CA1AE71F0C05F600F73D05 /* ViewController.swift in Sources */,
				10CA1B161F0C06E100F73D05 /* BluetoothViewController.swift in Sources */,
				10CA1AED1F0C05F600F73D05 /* BLESKELE.xcdatamodeld in Sources */,
				10CA1AE51F0C05F600F73D05 /* AppDelegate.swift in Sources */,
			);
			runOnlyForDeploymentPostprocessing = 0;
		};
		10CA1AF41F0C05F600F73D05 /* Sources */ = {
			isa = PBXSourcesBuildPhase;
			buildActionMask = 2147483647;
			files = (
				10CA1AFD1F0C05F600F73D05 /* BLESKELETests.swift in Sources */,
			);
			runOnlyForDeploymentPostprocessing = 0;
		};
		10CA1AFF1F0C05F600F73D05 /* Sources */ = {
			isa = PBXSourcesBuildPhase;
			buildActionMask = 2147483647;
			files = (
				10CA1B081F0C05F600F73D05 /* BLESKELEUITests.swift in Sources */,
			);
			runOnlyForDeploymentPostprocessing = 0;
		};
/* End PBXSourcesBuildPhase section */

/* Begin PBXTargetDependency section */
		10CA1AFA1F0C05F600F73D05 /* PBXTargetDependency */ = {
			isa = PBXTargetDependency;
			target = 10CA1AE01F0C05F600F73D05 /* BLESKELE */;
			targetProxy = 10CA1AF91F0C05F600F73D05 /* PBXContainerItemProxy */;
		};
		10CA1B051F0C05F600F73D05 /* PBXTargetDependency */ = {
			isa = PBXTargetDependency;
			target = 10CA1AE01F0C05F600F73D05 /* BLESKELE */;
			targetProxy = 10CA1B041F0C05F600F73D05 /* PBXContainerItemProxy */;
		};
/* End PBXTargetDependency section */

/* Begin PBXVariantGroup section */
		10CA1AE81F0C05F600F73D05 /* Main.storyboard */ = {
			isa = PBXVariantGroup;
			children = (
				10CA1AE91F0C05F600F73D05 /* Base */,
			);
			name = Main.storyboard;
			sourceTree = "<group>";
		};
		10CA1AF01F0C05F600F73D05 /* LaunchScreen.storyboard */ = {
			isa = PBXVariantGroup;
			children = (
				10CA1AF11F0C05F600F73D05 /* Base */,
			);
			name = LaunchScreen.storyboard;
			sourceTree = "<group>";
		};
/* End PBXVariantGroup section */

/* Begin XCBuildConfiguration section */
		10CA1B0A1F0C05F600F73D05 /* Debug */ = {
			isa = XCBuildConfiguration;
			buildSettings = {
				ALWAYS_SEARCH_USER_PATHS = NO;
				CLANG_ANALYZER_NONNULL = YES;
				CLANG_ANALYZER_NUMBER_OBJECT_CONVERSION = YES_AGGRESSIVE;
				CLANG_CXX_LANGUAGE_STANDARD = "gnu++0x";
				CLANG_CXX_LIBRARY = "libc++";
				CLANG_ENABLE_MODULES = YES;
				CLANG_ENABLE_OBJC_ARC = YES;
				CLANG_WARN_BOOL_CONVERSION = YES;
				CLANG_WARN_CONSTANT_CONVERSION = YES;
				CLANG_WARN_DIRECT_OBJC_ISA_USAGE = YES_ERROR;
				CLANG_WARN_DOCUMENTATION_COMMENTS = YES;
				CLANG_WARN_EMPTY_BODY = YES;
				CLANG_WARN_ENUM_CONVERSION = YES;
				CLANG_WARN_INFINITE_RECURSION = YES;
				CLANG_WARN_INT_CONVERSION = YES;
				CLANG_WARN_OBJC_ROOT_CLASS = YES_ERROR;
				CLANG_WARN_SUSPICIOUS_MOVE = YES;
				CLANG_WARN_UNREACHABLE_CODE = YES;
				CLANG_WARN__DUPLICATE_METHOD_MATCH = YES;
				"CODE_SIGN_IDENTITY[sdk=iphoneos*]" = "iPhone Developer";
				COPY_PHASE_STRIP = NO;
				DEBUG_INFORMATION_FORMAT = dwarf;
				ENABLE_STRICT_OBJC_MSGSEND = YES;
				ENABLE_TESTABILITY = YES;
				GCC_C_LANGUAGE_STANDARD = gnu99;
				GCC_DYNAMIC_NO_PIC = NO;
				GCC_NO_COMMON_BLOCKS = YES;
				GCC_OPTIMIZATION_LEVEL = 0;
				GCC_PREPROCESSOR_DEFINITIONS = (
					"DEBUG=1",
					"$(inherited)",
				);
				GCC_WARN_64_TO_32_BIT_CONVERSION = YES;
				GCC_WARN_ABOUT_RETURN_TYPE = YES_ERROR;
				GCC_WARN_UNDECLARED_SELECTOR = YES;
				GCC_WARN_UNINITIALIZED_AUTOS = YES_AGGRESSIVE;
				GCC_WARN_UNUSED_FUNCTION = YES;
				GCC_WARN_UNUSED_VARIABLE = YES;
				IPHONEOS_DEPLOYMENT_TARGET = 10.3;
				MTL_ENABLE_DEBUG_INFO = YES;
				ONLY_ACTIVE_ARCH = YES;
				SDKROOT = iphoneos;
				SWIFT_ACTIVE_COMPILATION_CONDITIONS = DEBUG;
				SWIFT_OPTIMIZATION_LEVEL = "-Onone";
				TARGETED_DEVICE_FAMILY = "1,2";
			};
			name = Debug;
		};
		10CA1B0B1F0C05F600F73D05 /* Release */ = {
			isa = XCBuildConfiguration;
			buildSettings = {
				ALWAYS_SEARCH_USER_PATHS = NO;
				CLANG_ANALYZER_NONNULL = YES;
				CLANG_ANALYZER_NUMBER_OBJECT_CONVERSION = YES_AGGRESSIVE;
				CLANG_CXX_LANGUAGE_STANDARD = "gnu++0x";
				CLANG_CXX_LIBRARY = "libc++";
				CLANG_ENABLE_MODULES = YES;
				CLANG_ENABLE_OBJC_ARC = YES;
				CLANG_WARN_BOOL_CONVERSION = YES;
				CLANG_WARN_CONSTANT_CONVERSION = YES;
				CLANG_WARN_DIRECT_OBJC_ISA_USAGE = YES_ERROR;
				CLANG_WARN_DOCUMENTATION_COMMENTS = YES;
				CLANG_WARN_EMPTY_BODY = YES;
				CLANG_WARN_ENUM_CONVERSION = YES;
				CLANG_WARN_INFINITE_RECURSION = YES;
				CLANG_WARN_INT_CONVERSION = YES;
				CLANG_WARN_OBJC_ROOT_CLASS = YES_ERROR;
				CLANG_WARN_SUSPICIOUS_MOVE = YES;
				CLANG_WARN_UNREACHABLE_CODE = YES;
				CLANG_WARN__DUPLICATE_METHOD_MATCH = YES;
				"CODE_SIGN_IDENTITY[sdk=iphoneos*]" = "iPhone Developer";
				COPY_PHASE_STRIP = NO;
				DEBUG_INFORMATION_FORMAT = "dwarf-with-dsym";
				ENABLE_NS_ASSERTIONS = NO;
				ENABLE_STRICT_OBJC_MSGSEND = YES;
				GCC_C_LANGUAGE_STANDARD = gnu99;
				GCC_NO_COMMON_BLOCKS = YES;
				GCC_WARN_64_TO_32_BIT_CONVERSION = YES;
				GCC_WARN_ABOUT_RETURN_TYPE = YES_ERROR;
				GCC_WARN_UNDECLARED_SELECTOR = YES;
				GCC_WARN_UNINITIALIZED_AUTOS = YES_AGGRESSIVE;
				GCC_WARN_UNUSED_FUNCTION = YES;
				GCC_WARN_UNUSED_VARIABLE = YES;
				IPHONEOS_DEPLOYMENT_TARGET = 10.3;
				MTL_ENABLE_DEBUG_INFO = NO;
				SDKROOT = iphoneos;
				SWIFT_OPTIMIZATION_LEVEL = "-Owholemodule";
				TARGETED_DEVICE_FAMILY = "1,2";
				VALIDATE_PRODUCT = YES;
			};
			name = Release;
		};
		10CA1B0D1F0C05F600F73D05 /* Debug */ = {
			isa = XCBuildConfiguration;
			baseConfigurationReference = DD18AA2785DABD180DE17AB7 /* Pods-BLESKELE.debug.xcconfig */;
			buildSettings = {
				ASSETCATALOG_COMPILER_APPICON_NAME = AppIcon;
				"CODE_SIGN_IDENTITY[sdk=iphoneos*]" = "iPhone Distribution";
				CURRENT_PROJECT_VERSION = 5;
				DEVELOPMENT_TEAM = EUL7UYLX84;
				FRAMEWORK_SEARCH_PATHS = (
					"$(inherited)",
					"$(PROJECT_DIR)/HockeySDK-iOS/HockeySDK.embeddedframework",
				);
				INFOPLIST_FILE = BLESKELE/Info.plist;
				LD_RUNPATH_SEARCH_PATHS = "$(inherited) @executable_path/Frameworks";
				PRODUCT_BUNDLE_IDENTIFIER = com.4iiii.BLESKELE.hockeyApp;
				PRODUCT_NAME = "$(TARGET_NAME)";
				PROVISIONING_PROFILE = "0250da99-3eb3-40aa-aeb0-311ee0c13a3b";
				PROVISIONING_PROFILE_SPECIFIER = BLESKELEhockeyApp;
				SWIFT_VERSION = 3.0;
				VERSIONING_SYSTEM = "apple-generic";
			};
			name = Debug;
		};
		10CA1B0E1F0C05F600F73D05 /* Release */ = {
			isa = XCBuildConfiguration;
			baseConfigurationReference = 08FB85126CA48C6CB46B6EFF /* Pods-BLESKELE.release.xcconfig */;
			buildSettings = {
				ASSETCATALOG_COMPILER_APPICON_NAME = AppIcon;
				"CODE_SIGN_IDENTITY[sdk=iphoneos*]" = "iPhone Distribution";
				CURRENT_PROJECT_VERSION = 5;
				DEVELOPMENT_TEAM = EUL7UYLX84;
				FRAMEWORK_SEARCH_PATHS = (
					"$(inherited)",
					"$(PROJECT_DIR)/HockeySDK-iOS/HockeySDK.embeddedframework",
				);
				INFOPLIST_FILE = BLESKELE/Info.plist;
				LD_RUNPATH_SEARCH_PATHS = "$(inherited) @executable_path/Frameworks";
				PRODUCT_BUNDLE_IDENTIFIER = com.4iiii.BLESKELE.hockeyApp;
				PRODUCT_NAME = "$(TARGET_NAME)";
				PROVISIONING_PROFILE = "0250da99-3eb3-40aa-aeb0-311ee0c13a3b";
				PROVISIONING_PROFILE_SPECIFIER = BLESKELEhockeyApp;
				SWIFT_VERSION = 3.0;
				VERSIONING_SYSTEM = "apple-generic";
			};
			name = Release;
		};
		10CA1B101F0C05F600F73D05 /* Debug */ = {
			isa = XCBuildConfiguration;
			baseConfigurationReference = 62AB19C7821FFFE6D83AD681 /* Pods-BLESKELETests.debug.xcconfig */;
			buildSettings = {
				ALWAYS_EMBED_SWIFT_STANDARD_LIBRARIES = YES;
				BUNDLE_LOADER = "$(TEST_HOST)";
				DEVELOPMENT_TEAM = ZBNHE8X5F9;
				INFOPLIST_FILE = BLESKELETests/Info.plist;
				LD_RUNPATH_SEARCH_PATHS = "$(inherited) @executable_path/Frameworks @loader_path/Frameworks";
				PRODUCT_BUNDLE_IDENTIFIER = com.4iiii.BLESKELETests;
				PRODUCT_NAME = "$(TARGET_NAME)";
				SWIFT_VERSION = 3.0;
				TEST_HOST = "$(BUILT_PRODUCTS_DIR)/BLESKELE.app/BLESKELE";
			};
			name = Debug;
		};
		10CA1B111F0C05F600F73D05 /* Release */ = {
			isa = XCBuildConfiguration;
			baseConfigurationReference = 7AA011B086E53605374B00C7 /* Pods-BLESKELETests.release.xcconfig */;
			buildSettings = {
				ALWAYS_EMBED_SWIFT_STANDARD_LIBRARIES = YES;
				BUNDLE_LOADER = "$(TEST_HOST)";
				DEVELOPMENT_TEAM = ZBNHE8X5F9;
				INFOPLIST_FILE = BLESKELETests/Info.plist;
				LD_RUNPATH_SEARCH_PATHS = "$(inherited) @executable_path/Frameworks @loader_path/Frameworks";
				PRODUCT_BUNDLE_IDENTIFIER = com.4iiii.BLESKELETests;
				PRODUCT_NAME = "$(TARGET_NAME)";
				SWIFT_VERSION = 3.0;
				TEST_HOST = "$(BUILT_PRODUCTS_DIR)/BLESKELE.app/BLESKELE";
			};
			name = Release;
		};
		10CA1B131F0C05F600F73D05 /* Debug */ = {
			isa = XCBuildConfiguration;
			baseConfigurationReference = A82873A3639FA5A3F5AC26A3 /* Pods-BLESKELEUITests.debug.xcconfig */;
			buildSettings = {
				ALWAYS_EMBED_SWIFT_STANDARD_LIBRARIES = YES;
				DEVELOPMENT_TEAM = ZBNHE8X5F9;
				INFOPLIST_FILE = BLESKELEUITests/Info.plist;
				LD_RUNPATH_SEARCH_PATHS = "$(inherited) @executable_path/Frameworks @loader_path/Frameworks";
				PRODUCT_BUNDLE_IDENTIFIER = com.4iiii.BLESKELEUITests;
				PRODUCT_NAME = "$(TARGET_NAME)";
				SWIFT_VERSION = 3.0;
				TEST_TARGET_NAME = BLESKELE;
			};
			name = Debug;
		};
		10CA1B141F0C05F600F73D05 /* Release */ = {
			isa = XCBuildConfiguration;
			baseConfigurationReference = 8AEA49E470EAE023549914AE /* Pods-BLESKELEUITests.release.xcconfig */;
			buildSettings = {
				ALWAYS_EMBED_SWIFT_STANDARD_LIBRARIES = YES;
				DEVELOPMENT_TEAM = ZBNHE8X5F9;
				INFOPLIST_FILE = BLESKELEUITests/Info.plist;
				LD_RUNPATH_SEARCH_PATHS = "$(inherited) @executable_path/Frameworks @loader_path/Frameworks";
				PRODUCT_BUNDLE_IDENTIFIER = com.4iiii.BLESKELEUITests;
				PRODUCT_NAME = "$(TARGET_NAME)";
				SWIFT_VERSION = 3.0;
				TEST_TARGET_NAME = BLESKELE;
			};
			name = Release;
		};
/* End XCBuildConfiguration section */

/* Begin XCConfigurationList section */
		10CA1ADC1F0C05F600F73D05 /* Build configuration list for PBXProject "BLESKELE" */ = {
			isa = XCConfigurationList;
			buildConfigurations = (
				10CA1B0A1F0C05F600F73D05 /* Debug */,
				10CA1B0B1F0C05F600F73D05 /* Release */,
			);
			defaultConfigurationIsVisible = 0;
			defaultConfigurationName = Release;
		};
		10CA1B0C1F0C05F600F73D05 /* Build configuration list for PBXNativeTarget "BLESKELE" */ = {
			isa = XCConfigurationList;
			buildConfigurations = (
				10CA1B0D1F0C05F600F73D05 /* Debug */,
				10CA1B0E1F0C05F600F73D05 /* Release */,
			);
			defaultConfigurationIsVisible = 0;
			defaultConfigurationName = Release;
		};
		10CA1B0F1F0C05F600F73D05 /* Build configuration list for PBXNativeTarget "BLESKELETests" */ = {
			isa = XCConfigurationList;
			buildConfigurations = (
				10CA1B101F0C05F600F73D05 /* Debug */,
				10CA1B111F0C05F600F73D05 /* Release */,
			);
			defaultConfigurationIsVisible = 0;
			defaultConfigurationName = Release;
		};
		10CA1B121F0C05F600F73D05 /* Build configuration list for PBXNativeTarget "BLESKELEUITests" */ = {
			isa = XCConfigurationList;
			buildConfigurations = (
				10CA1B131F0C05F600F73D05 /* Debug */,
				10CA1B141F0C05F600F73D05 /* Release */,
			);
			defaultConfigurationIsVisible = 0;
			defaultConfigurationName = Release;
		};
/* End XCConfigurationList section */

/* Begin XCVersionGroup section */
		10CA1AEB1F0C05F600F73D05 /* BLESKELE.xcdatamodeld */ = {
			isa = XCVersionGroup;
			children = (
				10CA1AEC1F0C05F600F73D05 /* BLESKELE.xcdatamodel */,
			);
			currentVersion = 10CA1AEC1F0C05F600F73D05 /* BLESKELE.xcdatamodel */;
			path = BLESKELE.xcdatamodeld;
			sourceTree = "<group>";
			versionGroupType = wrapper.xcdatamodel;
		};
/* End XCVersionGroup section */
	};
	rootObject = 10CA1AD91F0C05F600F73D05 /* Project object */;
}
